
Microsoft Visual Studio Solution File, Format Version 12.00
# Visual Studio 2017
Project("{FAE04EC0-301F-11D3-BF4B-00C04F79EFBC}") = "StupidHotel.Plugins", "StupidHotel.Plugins.csproj", "{0F70960C-5779-1847-0B82-8E6891A06334}"
EndProject
Project("{FAE04EC0-301F-11D3-BF4B-00C04F79EFBC}") = "StupidHotel", "StupidHotel.csproj", "{B895CF8B-CD95-2AC5-8F7E-0EE7D85043E9}"
EndProject
Project("{FAE04EC0-301F-11D3-BF4B-00C04F79EFBC}") = "StupidHotel.Editor.Plugins", "StupidHotel.Editor.Plugins.csproj", "{E8450DFA-1A50-B22C-EAEC-2D8218E07B4B}"
EndProject
Project("{FAE04EC0-301F-11D3-BF4B-00C04F79EFBC}") = "StupidHotel.Editor", "StupidHotel.Editor.csproj", "{E4305FCD-61D7-8BA9-A986-5853F176DF9A}"
EndProject
Global
	GlobalSection(SolutionConfigurationPlatforms) = preSolution
		Debug|Any CPU = Debug|Any CPU
		Release|Any CPU = Release|Any CPU
	EndGlobalSection
	GlobalSection(ProjectConfigurationPlatforms) = postSolution
		{0F70960C-5779-1847-0B82-8E6891A06334}.Debug|Any CPU.ActiveCfg = Debug|Any CPU
		{0F70960C-5779-1847-0B82-8E6891A06334}.Debug|Any CPU.Build.0 = Debug|Any CPU
		{0F70960C-5779-1847-0B82-8E6891A06334}.Release|Any CPU.ActiveCfg = Release|Any CPU
		{0F70960C-5779-1847-0B82-8E6891A06334}.Release|Any CPU.Build.0 = Release|Any CPU
		{B895CF8B-CD95-2AC5-8F7E-0EE7D85043E9}.Debug|Any CPU.ActiveCfg = Debug|Any CPU
		{B895CF8B-CD95-2AC5-8F7E-0EE7D85043E9}.Debug|Any CPU.Build.0 = Debug|Any CPU
		{B895CF8B-CD95-2AC5-8F7E-0EE7D85043E9}.Release|Any CPU.ActiveCfg = Release|Any CPU
		{B895CF8B-CD95-2AC5-8F7E-0EE7D85043E9}.Release|Any CPU.Build.0 = Release|Any CPU
		{E8450DFA-1A50-B22C-EAEC-2D8218E07B4B}.Debug|Any CPU.ActiveCfg = Debug|Any CPU
		{E8450DFA-1A50-B22C-EAEC-2D8218E07B4B}.Debug|Any CPU.Build.0 = Debug|Any CPU
		{E8450DFA-1A50-B22C-EAEC-2D8218E07B4B}.Release|Any CPU.ActiveCfg = Release|Any CPU
		{E8450DFA-1A50-B22C-EAEC-2D8218E07B4B}.Release|Any CPU.Build.0 = Release|Any CPU
		{E4305FCD-61D7-8BA9-A986-5853F176DF9A}.Debug|Any CPU.ActiveCfg = Debug|Any CPU
		{E4305FCD-61D7-8BA9-A986-5853F176DF9A}.Debug|Any CPU.Build.0 = Debug|Any CPU
		{E4305FCD-61D7-8BA9-A986-5853F176DF9A}.Release|Any CPU.ActiveCfg = Release|Any CPU
		{E4305FCD-61D7-8BA9-A986-5853F176DF9A}.Release|Any CPU.Build.0 = Release|Any CPU
	EndGlobalSection
	GlobalSection(SolutionProperties) = preSolution
		HideSolutionNode = FALSE
	EndGlobalSection
EndGlobal
